
Microsoft Visual Studio Solution File, Format Version 12.00
# Visual Studio Version 16
VisualStudioVersion = 16.0.30011.22
MinimumVisualStudioVersion = 10.0.40219.1
Project("{FAE04EC0-301F-11D3-BF4B-00C04F79EFBC}") = "DataStructureImplementationCSharp", "DataStructureImplementationCSharp.csproj", "{B7B583CF-7C95-457B-B6B3-AFACD2A5FBAD}"
EndProject
Global
	GlobalSection(SolutionConfigurationPlatforms) = preSolution
		Debug|Any CPU = Debug|Any CPU
		Release|Any CPU = Release|Any CPU
	EndGlobalSection
	GlobalSection(ProjectConfigurationPlatforms) = postSolution
		{B7B583CF-7C95-457B-B6B3-AFACD2A5FBAD}.Debug|Any CPU.ActiveCfg = Debug|Any CPU
		{B7B583CF-7C95-457B-B6B3-AFACD2A5FBAD}.Debug|Any CPU.Build.0 = Debug|Any CPU
		{B7B583CF-7C95-457B-B6B3-AFACD2A5FBAD}.Release|Any CPU.ActiveCfg = Release|Any CPU
		{B7B583CF-7C95-457B-B6B3-AFACD2A5FBAD}.Release|Any CPU.Build.0 = Release|Any CPU
	EndGlobalSection
	GlobalSection(SolutionProperties) = preSolution
		HideSolutionNode = FALSE
	EndGlobalSection
	GlobalSection(ExtensibilityGlobals) = postSolution
		SolutionGuid = {FDEFD574-F433-44D9-821F-ACC632497553}
	EndGlobalSection
EndGlobal
